// !$*UTF8*$!
{
	archiveVersion = 1;
	classes = {
	};
	objectVersion = 77;
	objects = {

/* Begin PBXBuildFile section */
		5AAC1AA52D7A515300F7047F /* SpotifyiOS.xcframework in Frameworks */ = {isa = PBXBuildFile; fileRef = 5AAC1A9E2D7A4B4A00F7047F /* SpotifyiOS.xcframework */; };
		5AAC1AA62D7A515300F7047F /* SpotifyiOS.xcframework in Embed Frameworks */ = {isa = PBXBuildFile; fileRef = 5AAC1A9E2D7A4B4A00F7047F /* SpotifyiOS.xcframework */; settings = {ATTRIBUTES = (CodeSignOnCopy, RemoveHeadersOnCopy, ); }; };
/* End PBXBuildFile section */

/* Begin PBXContainerItemProxy section */
		5AAC1A822D7A4A4800F7047F /* PBXContainerItemProxy */ = {
			isa = PBXContainerItemProxy;
			containerPortal = 5AAC1A692D7A4A4600F7047F /* Project object */;
			proxyType = 1;
			remoteGlobalIDString = 5AAC1A702D7A4A4600F7047F;
			remoteInfo = StatsforSpotify;
		};
		5AAC1A8C2D7A4A4800F7047F /* PBXContainerItemProxy */ = {
			isa = PBXContainerItemProxy;
			containerPortal = 5AAC1A692D7A4A4600F7047F /* Project object */;
			proxyType = 1;
			remoteGlobalIDString = 5AAC1A702D7A4A4600F7047F;
			remoteInfo = StatsforSpotify;
		};
/* End PBXContainerItemProxy section */

/* Begin PBXCopyFilesBuildPhase section */
		5AAC1AA72D7A515300F7047F /* Embed Frameworks */ = {
			isa = PBXCopyFilesBuildPhase;
			buildActionMask = 2147483647;
			dstPath = "";
			dstSubfolderSpec = 10;
			files = (
				5AAC1AA62D7A515300F7047F /* SpotifyiOS.xcframework in Embed Frameworks */,
			);
			name = "Embed Frameworks";
			runOnlyForDeploymentPostprocessing = 0;
		};
/* End PBXCopyFilesBuildPhase section */

/* Begin PBXFileReference section */
		5AAC1A712D7A4A4600F7047F /* StatsforSpotify.app */ = {isa = PBXFileReference; explicitFileType = wrapper.application; includeInIndex = 0; path = StatsforSpotify.app; sourceTree = BUILT_PRODUCTS_DIR; };
		5AAC1A812D7A4A4800F7047F /* StatsforSpotifyTests.xctest */ = {isa = PBXFileReference; explicitFileType = wrapper.cfbundle; includeInIndex = 0; path = StatsforSpotifyTests.xctest; sourceTree = BUILT_PRODUCTS_DIR; };
		5AAC1A8B2D7A4A4800F7047F /* StatsforSpotifyUITests.xctest */ = {isa = PBXFileReference; explicitFileType = wrapper.cfbundle; includeInIndex = 0; path = StatsforSpotifyUITests.xctest; sourceTree = BUILT_PRODUCTS_DIR; };
		5AAC1A9E2D7A4B4A00F7047F /* SpotifyiOS.xcframework */ = {isa = PBXFileReference; expectedSignature = "AppleDeveloperProgram:2FNC3A47ZF:Spotify"; lastKnownFileType = wrapper.xcframework; path = SpotifyiOS.xcframework; sourceTree = "<group>"; };
		5AAC1AA22D7A4DC000F7047F /* StatsforSpotify-Bridging-Header.h */ = {isa = PBXFileReference; lastKnownFileType = sourcecode.c.h; path = "StatsforSpotify-Bridging-Header.h"; sourceTree = "<group>"; };
/* End PBXFileReference section */

/* Begin PBXFileSystemSynchronizedBuildFileExceptionSet section */
		5AAC1AA12D7A4B7100F7047F /* Exceptions for "StatsforSpotify" folder in "StatsforSpotify" target */ = {
			isa = PBXFileSystemSynchronizedBuildFileExceptionSet;
			membershipExceptions = (
				Info.plist,
			);
			target = 5AAC1A702D7A4A4600F7047F /* StatsforSpotify */;
		};
/* End PBXFileSystemSynchronizedBuildFileExceptionSet section */

/* Begin PBXFileSystemSynchronizedRootGroup section */
		5AAC1A732D7A4A4600F7047F /* StatsforSpotify */ = {
			isa = PBXFileSystemSynchronizedRootGroup;
			exceptions = (
				5AAC1AA12D7A4B7100F7047F /* Exceptions for "StatsforSpotify" folder in "StatsforSpotify" target */,
			);
			path = StatsforSpotify;
			sourceTree = "<group>";
		};
		5AAC1A842D7A4A4800F7047F /* StatsforSpotifyTests */ = {
			isa = PBXFileSystemSynchronizedRootGroup;
			path = StatsforSpotifyTests;
			sourceTree = "<group>";
		};
		5AAC1A8E2D7A4A4800F7047F /* StatsforSpotifyUITests */ = {
			isa = PBXFileSystemSynchronizedRootGroup;
			path = StatsforSpotifyUITests;
			sourceTree = "<group>";
		};
/* End PBXFileSystemSynchronizedRootGroup section */

/* Begin PBXFrameworksBuildPhase section */
		5AAC1A6E2D7A4A4600F7047F /* Frameworks */ = {
			isa = PBXFrameworksBuildPhase;
			buildActionMask = 2147483647;
			files = (
				5AAC1AA52D7A515300F7047F /* SpotifyiOS.xcframework in Frameworks */,
			);
			runOnlyForDeploymentPostprocessing = 0;
		};
		5AAC1A7E2D7A4A4800F7047F /* Frameworks */ = {
			isa = PBXFrameworksBuildPhase;
			buildActionMask = 2147483647;
			files = (
			);
			runOnlyForDeploymentPostprocessing = 0;
		};
		5AAC1A882D7A4A4800F7047F /* Frameworks */ = {
			isa = PBXFrameworksBuildPhase;
			buildActionMask = 2147483647;
			files = (
			);
			runOnlyForDeploymentPostprocessing = 0;
		};
/* End PBXFrameworksBuildPhase section */

/* Begin PBXGroup section */
		5AAC1A682D7A4A4600F7047F = {
			isa = PBXGroup;
			children = (
				5AAC1AA22D7A4DC000F7047F /* StatsforSpotify-Bridging-Header.h */,
				5AAC1A9E2D7A4B4A00F7047F /* SpotifyiOS.xcframework */,
				5AAC1A732D7A4A4600F7047F /* StatsforSpotify */,
				5AAC1A842D7A4A4800F7047F /* StatsforSpotifyTests */,
				5AAC1A8E2D7A4A4800F7047F /* StatsforSpotifyUITests */,
				5AAC1A722D7A4A4600F7047F /* Products */,
			);
			sourceTree = "<group>";
		};
		5AAC1A722D7A4A4600F7047F /* Products */ = {
			isa = PBXGroup;
			children = (
				5AAC1A712D7A4A4600F7047F /* StatsforSpotify.app */,
				5AAC1A812D7A4A4800F7047F /* StatsforSpotifyTests.xctest */,
				5AAC1A8B2D7A4A4800F7047F /* StatsforSpotifyUITests.xctest */,
			);
			name = Products;
			sourceTree = "<group>";
		};
/* End PBXGroup section */

/* Begin PBXNativeTarget section */
		5AAC1A702D7A4A4600F7047F /* StatsforSpotify */ = {
			isa = PBXNativeTarget;
			buildConfigurationList = 5AAC1A952D7A4A4800F7047F /* Build configuration list for PBXNativeTarget "StatsforSpotify" */;
			buildPhases = (
				5AAC1A6D2D7A4A4600F7047F /* Sources */,
				5AAC1A6E2D7A4A4600F7047F /* Frameworks */,
				5AAC1A6F2D7A4A4600F7047F /* Resources */,
				5AAC1AA72D7A515300F7047F /* Embed Frameworks */,
			);
			buildRules = (
			);
			dependencies = (
			);
			fileSystemSynchronizedGroups = (
				5AAC1A732D7A4A4600F7047F /* StatsforSpotify */,
			);
			name = StatsforSpotify;
			packageProductDependencies = (
			);
			productName = StatsforSpotify;
			productReference = 5AAC1A712D7A4A4600F7047F /* StatsforSpotify.app */;
			productType = "com.apple.product-type.application";
		};
		5AAC1A802D7A4A4800F7047F /* StatsforSpotifyTests */ = {
			isa = PBXNativeTarget;
			buildConfigurationList = 5AAC1A982D7A4A4800F7047F /* Build configuration list for PBXNativeTarget "StatsforSpotifyTests" */;
			buildPhases = (
				5AAC1A7D2D7A4A4800F7047F /* Sources */,
				5AAC1A7E2D7A4A4800F7047F /* Frameworks */,
				5AAC1A7F2D7A4A4800F7047F /* Resources */,
			);
			buildRules = (
			);
			dependencies = (
				5AAC1A832D7A4A4800F7047F /* PBXTargetDependency */,
			);
			fileSystemSynchronizedGroups = (
				5AAC1A842D7A4A4800F7047F /* StatsforSpotifyTests */,
			);
			name = StatsforSpotifyTests;
			packageProductDependencies = (
			);
			productName = StatsforSpotifyTests;
			productReference = 5AAC1A812D7A4A4800F7047F /* StatsforSpotifyTests.xctest */;
			productType = "com.apple.product-type.bundle.unit-test";
		};
		5AAC1A8A2D7A4A4800F7047F /* StatsforSpotifyUITests */ = {
			isa = PBXNativeTarget;
			buildConfigurationList = 5AAC1A9B2D7A4A4800F7047F /* Build configuration list for PBXNativeTarget "StatsforSpotifyUITests" */;
			buildPhases = (
				5AAC1A872D7A4A4800F7047F /* Sources */,
				5AAC1A882D7A4A4800F7047F /* Frameworks */,
				5AAC1A892D7A4A4800F7047F /* Resources */,
			);
			buildRules = (
			);
			dependencies = (
				5AAC1A8D2D7A4A4800F7047F /* PBXTargetDependency */,
			);
			fileSystemSynchronizedGroups = (
				5AAC1A8E2D7A4A4800F7047F /* StatsforSpotifyUITests */,
			);
			name = StatsforSpotifyUITests;
			packageProductDependencies = (
			);
			productName = StatsforSpotifyUITests;
			productReference = 5AAC1A8B2D7A4A4800F7047F /* StatsforSpotifyUITests.xctest */;
			productType = "com.apple.product-type.bundle.ui-testing";
		};
/* End PBXNativeTarget section */

/* Begin PBXProject section */
		5AAC1A692D7A4A4600F7047F /* Project object */ = {
			isa = PBXProject;
			attributes = {
				BuildIndependentTargetsInParallel = 1;
				LastSwiftUpdateCheck = 1620;
				LastUpgradeCheck = 1620;
				TargetAttributes = {
					5AAC1A702D7A4A4600F7047F = {
						CreatedOnToolsVersion = 16.2;
					};
					5AAC1A802D7A4A4800F7047F = {
						CreatedOnToolsVersion = 16.2;
						TestTargetID = 5AAC1A702D7A4A4600F7047F;
					};
					5AAC1A8A2D7A4A4800F7047F = {
						CreatedOnToolsVersion = 16.2;
						TestTargetID = 5AAC1A702D7A4A4600F7047F;
					};
				};
			};
			buildConfigurationList = 5AAC1A6C2D7A4A4600F7047F /* Build configuration list for PBXProject "StatsforSpotify" */;
			developmentRegion = en;
			hasScannedForEncodings = 0;
			knownRegions = (
				en,
				Base,
			);
			mainGroup = 5AAC1A682D7A4A4600F7047F;
			minimizedProjectReferenceProxies = 1;
			preferredProjectObjectVersion = 77;
			productRefGroup = 5AAC1A722D7A4A4600F7047F /* Products */;
			projectDirPath = "";
			projectRoot = "";
			targets = (
				5AAC1A702D7A4A4600F7047F /* StatsforSpotify */,
				5AAC1A802D7A4A4800F7047F /* StatsforSpotifyTests */,
				5AAC1A8A2D7A4A4800F7047F /* StatsforSpotifyUITests */,
			);
		};
/* End PBXProject section */

/* Begin PBXResourcesBuildPhase section */
		5AAC1A6F2D7A4A4600F7047F /* Resources */ = {
			isa = PBXResourcesBuildPhase;
			buildActionMask = 2147483647;
			files = (
			);
			runOnlyForDeploymentPostprocessing = 0;
		};
		5AAC1A7F2D7A4A4800F7047F /* Resources */ = {
			isa = PBXResourcesBuildPhase;
			buildActionMask = 2147483647;
			files = (
			);
			runOnlyForDeploymentPostprocessing = 0;
		};
		5AAC1A892D7A4A4800F7047F /* Resources */ = {
			isa = PBXResourcesBuildPhase;
			buildActionMask = 2147483647;
			files = (
			);
			runOnlyForDeploymentPostprocessing = 0;
		};
/* End PBXResourcesBuildPhase section */

/* Begin PBXSourcesBuildPhase section */
		5AAC1A6D2D7A4A4600F7047F /* Sources */ = {
			isa = PBXSourcesBuildPhase;
			buildActionMask = 2147483647;
			files = (
			);
			runOnlyForDeploymentPostprocessing = 0;
		};
		5AAC1A7D2D7A4A4800F7047F /* Sources */ = {
			isa = PBXSourcesBuildPhase;
			buildActionMask = 2147483647;
			files = (
			);
			runOnlyForDeploymentPostprocessing = 0;
		};
		5AAC1A872D7A4A4800F7047F /* Sources */ = {
			isa = PBXSourcesBuildPhase;
			buildActionMask = 2147483647;
			files = (
			);
			runOnlyForDeploymentPostprocessing = 0;
		};
/* End PBXSourcesBuildPhase section */

/* Begin PBXTargetDependency section */
		5AAC1A832D7A4A4800F7047F /* PBXTargetDependency */ = {
			isa = PBXTargetDependency;
			target = 5AAC1A702D7A4A4600F7047F /* StatsforSpotify */;
			targetProxy = 5AAC1A822D7A4A4800F7047F /* PBXContainerItemProxy */;
		};
		5AAC1A8D2D7A4A4800F7047F /* PBXTargetDependency */ = {
			isa = PBXTargetDependency;
			target = 5AAC1A702D7A4A4600F7047F /* StatsforSpotify */;
			targetProxy = 5AAC1A8C2D7A4A4800F7047F /* PBXContainerItemProxy */;
		};
/* End PBXTargetDependency section */

/* Begin XCBuildConfiguration section */
		5AAC1A932D7A4A4800F7047F /* Debug */ = {
			isa = XCBuildConfiguration;
			buildSettings = {
				ALWAYS_SEARCH_USER_PATHS = NO;
				ASSETCATALOG_COMPILER_GENERATE_SWIFT_ASSET_SYMBOL_EXTENSIONS = YES;
				CLANG_ANALYZER_NONNULL = YES;
				CLANG_ANALYZER_NUMBER_OBJECT_CONVERSION = YES_AGGRESSIVE;
				CLANG_CXX_LANGUAGE_STANDARD = "gnu++20";
				CLANG_ENABLE_MODULES = YES;
				CLANG_ENABLE_OBJC_ARC = YES;
				CLANG_ENABLE_OBJC_WEAK = YES;
				CLANG_WARN_BLOCK_CAPTURE_AUTORELEASING = YES;
				CLANG_WARN_BOOL_CONVERSION = YES;
				CLANG_WARN_COMMA = YES;
				CLANG_WARN_CONSTANT_CONVERSION = YES;
				CLANG_WARN_DEPRECATED_OBJC_IMPLEMENTATIONS = YES;
				CLANG_WARN_DIRECT_OBJC_ISA_USAGE = YES_ERROR;
				CLANG_WARN_DOCUMENTATION_COMMENTS = YES;
				CLANG_WARN_EMPTY_BODY = YES;
				CLANG_WARN_ENUM_CONVERSION = YES;
				CLANG_WARN_INFINITE_RECURSION = YES;
				CLANG_WARN_INT_CONVERSION = YES;
				CLANG_WARN_NON_LITERAL_NULL_CONVERSION = YES;
				CLANG_WARN_OBJC_IMPLICIT_RETAIN_SELF = YES;
				CLANG_WARN_OBJC_LITERAL_CONVERSION = YES;
				CLANG_WARN_OBJC_ROOT_CLASS = YES_ERROR;
				CLANG_WARN_QUOTED_INCLUDE_IN_FRAMEWORK_HEADER = YES;
				CLANG_WARN_RANGE_LOOP_ANALYSIS = YES;
				CLANG_WARN_STRICT_PROTOTYPES = YES;
				CLANG_WARN_SUSPICIOUS_MOVE = YES;
				CLANG_WARN_UNGUARDED_AVAILABILITY = YES_AGGRESSIVE;
				CLANG_WARN_UNREACHABLE_CODE = YES;
				CLANG_WARN__DUPLICATE_METHOD_MATCH = YES;
				COPY_PHASE_STRIP = NO;
				DEBUG_INFORMATION_FORMAT = dwarf;
				ENABLE_STRICT_OBJC_MSGSEND = YES;
				ENABLE_TESTABILITY = YES;
				ENABLE_USER_SCRIPT_SANDBOXING = YES;
				GCC_C_LANGUAGE_STANDARD = gnu17;
				GCC_DYNAMIC_NO_PIC = NO;
				GCC_NO_COMMON_BLOCKS = YES;
				GCC_OPTIMIZATION_LEVEL = 0;
				GCC_PREPROCESSOR_DEFINITIONS = (
					"DEBUG=1",
					"$(inherited)",
				);
				GCC_WARN_64_TO_32_BIT_CONVERSION = YES;
				GCC_WARN_ABOUT_RETURN_TYPE = YES_ERROR;
				GCC_WARN_UNDECLARED_SELECTOR = YES;
				GCC_WARN_UNINITIALIZED_AUTOS = YES_AGGRESSIVE;
				GCC_WARN_UNUSED_FUNCTION = YES;
				GCC_WARN_UNUSED_VARIABLE = YES;
				IPHONEOS_DEPLOYMENT_TARGET = 18.2;
				LOCALIZATION_PREFERS_STRING_CATALOGS = YES;
				MTL_ENABLE_DEBUG_INFO = INCLUDE_SOURCE;
				MTL_FAST_MATH = YES;
				ONLY_ACTIVE_ARCH = YES;
				SDKROOT = iphoneos;
				SWIFT_ACTIVE_COMPILATION_CONDITIONS = "DEBUG $(inherited)";
				SWIFT_OPTIMIZATION_LEVEL = "-Onone";
			};
			name = Debug;
		};
		5AAC1A942D7A4A4800F7047F /* Release */ = {
			isa = XCBuildConfiguration;
			buildSettings = {
				ALWAYS_SEARCH_USER_PATHS = NO;
				ASSETCATALOG_COMPILER_GENERATE_SWIFT_ASSET_SYMBOL_EXTENSIONS = YES;
				CLANG_ANALYZER_NONNULL = YES;
				CLANG_ANALYZER_NUMBER_OBJECT_CONVERSION = YES_AGGRESSIVE;
				CLANG_CXX_LANGUAGE_STANDARD = "gnu++20";
				CLANG_ENABLE_MODULES = YES;
				CLANG_ENABLE_OBJC_ARC = YES;
				CLANG_ENABLE_OBJC_WEAK = YES;
				CLANG_WARN_BLOCK_CAPTURE_AUTORELEASING = YES;
				CLANG_WARN_BOOL_CONVERSION = YES;
				CLANG_WARN_COMMA = YES;
				CLANG_WARN_CONSTANT_CONVERSION = YES;
				CLANG_WARN_DEPRECATED_OBJC_IMPLEMENTATIONS = YES;
				CLANG_WARN_DIRECT_OBJC_ISA_USAGE = YES_ERROR;
				CLANG_WARN_DOCUMENTATION_COMMENTS = YES;
				CLANG_WARN_EMPTY_BODY = YES;
				CLANG_WARN_ENUM_CONVERSION = YES;
				CLANG_WARN_INFINITE_RECURSION = YES;
				CLANG_WARN_INT_CONVERSION = YES;
				CLANG_WARN_NON_LITERAL_NULL_CONVERSION = YES;
				CLANG_WARN_OBJC_IMPLICIT_RETAIN_SELF = YES;
				CLANG_WARN_OBJC_LITERAL_CONVERSION = YES;
				CLANG_WARN_OBJC_ROOT_CLASS = YES_ERROR;
				CLANG_WARN_QUOTED_INCLUDE_IN_FRAMEWORK_HEADER = YES;
				CLANG_WARN_RANGE_LOOP_ANALYSIS = YES;
				CLANG_WARN_STRICT_PROTOTYPES = YES;
				CLANG_WARN_SUSPICIOUS_MOVE = YES;
				CLANG_WARN_UNGUARDED_AVAILABILITY = YES_AGGRESSIVE;
				CLANG_WARN_UNREACHABLE_CODE = YES;
				CLANG_WARN__DUPLICATE_METHOD_MATCH = YES;
				COPY_PHASE_STRIP = NO;
				DEBUG_INFORMATION_FORMAT = "dwarf-with-dsym";
				ENABLE_NS_ASSERTIONS = NO;
				ENABLE_STRICT_OBJC_MSGSEND = YES;
				ENABLE_USER_SCRIPT_SANDBOXING = YES;
				GCC_C_LANGUAGE_STANDARD = gnu17;
				GCC_NO_COMMON_BLOCKS = YES;
				GCC_WARN_64_TO_32_BIT_CONVERSION = YES;
				GCC_WARN_ABOUT_RETURN_TYPE = YES_ERROR;
				GCC_WARN_UNDECLARED_SELECTOR = YES;
				GCC_WARN_UNINITIALIZED_AUTOS = YES_AGGRESSIVE;
				GCC_WARN_UNUSED_FUNCTION = YES;
				GCC_WARN_UNUSED_VARIABLE = YES;
				IPHONEOS_DEPLOYMENT_TARGET = 18.2;
				LOCALIZATION_PREFERS_STRING_CATALOGS = YES;
				MTL_ENABLE_DEBUG_INFO = NO;
				MTL_FAST_MATH = YES;
				SDKROOT = iphoneos;
				SWIFT_COMPILATION_MODE = wholemodule;
				VALIDATE_PRODUCT = YES;
			};
			name = Release;
		};
		5AAC1A962D7A4A4800F7047F /* Debug */ = {
			isa = XCBuildConfiguration;
			buildSettings = {
				ASSETCATALOG_COMPILER_APPICON_NAME = AppIcon;
				ASSETCATALOG_COMPILER_GLOBAL_ACCENT_COLOR_NAME = AccentColor;
				CODE_SIGN_STYLE = Automatic;
				CURRENT_PROJECT_VERSION = 1;
				DEVELOPMENT_ASSET_PATHS = "\"StatsforSpotify/Preview Content\"";
				DEVELOPMENT_TEAM = Z2TUXVLCNH;
				ENABLE_PREVIEWS = YES;
				GENERATE_INFOPLIST_FILE = YES;
				INFOPLIST_FILE = StatsforSpotify/Info.plist;
				INFOPLIST_KEY_UIApplicationSceneManifest_Generation = YES;
				INFOPLIST_KEY_UIApplicationSupportsIndirectInputEvents = YES;
				INFOPLIST_KEY_UILaunchScreen_Generation = YES;
				INFOPLIST_KEY_UISupportedInterfaceOrientations_iPad = "UIInterfaceOrientationPortrait UIInterfaceOrientationPortraitUpsideDown UIInterfaceOrientationLandscapeLeft UIInterfaceOrientationLandscapeRight";
				INFOPLIST_KEY_UISupportedInterfaceOrientations_iPhone = "UIInterfaceOrientationPortrait UIInterfaceOrientationLandscapeLeft UIInterfaceOrientationLandscapeRight";
				LD_RUNPATH_SEARCH_PATHS = (
					"$(inherited)",
					"@executable_path/Frameworks",
				);
				MARKETING_VERSION = 1.0;
				OTHER_LDFLAGS = "-ObjC";
				PRODUCT_BUNDLE_IDENTIFIER = org.gustavo.StatsforSpotify;
				PRODUCT_NAME = "$(TARGET_NAME)";
				SWIFT_EMIT_LOC_STRINGS = YES;
				SWIFT_OBJC_BRIDGING_HEADER = "StatsforSpotify-Bridging-Header.h";
				SWIFT_VERSION = 5.0;
				TARGETED_DEVICE_FAMILY = "1,2";
			};
			name = Debug;
		};
		5AAC1A972D7A4A4800F7047F /* Release */ = {
			isa = XCBuildConfiguration;
			buildSettings = {
				ASSETCATALOG_COMPILER_APPICON_NAME = AppIcon;
				ASSETCATALOG_COMPILER_GLOBAL_ACCENT_COLOR_NAME = AccentColor;
				CODE_SIGN_STYLE = Automatic;
				CURRENT_PROJECT_VERSION = 1;
				DEVELOPMENT_ASSET_PATHS = "\"StatsforSpotify/Preview Content\"";
				DEVELOPMENT_TEAM = Z2TUXVLCNH;
				ENABLE_PREVIEWS = YES;
				GENERATE_INFOPLIST_FILE = YES;
				INFOPLIST_FILE = StatsforSpotify/Info.plist;
				INFOPLIST_KEY_UIApplicationSceneManifest_Generation = YES;
				INFOPLIST_KEY_UIApplicationSupportsIndirectInputEvents = YES;
				INFOPLIST_KEY_UILaunchScreen_Generation = YES;
				INFOPLIST_KEY_UISupportedInterfaceOrientations_iPad = "UIInterfaceOrientationPortrait UIInterfaceOrientationPortraitUpsideDown UIInterfaceOrientationLandscapeLeft UIInterfaceOrientationLandscapeRight";
				INFOPLIST_KEY_UISupportedInterfaceOrientations_iPhone = "UIInterfaceOrientationPortrait UIInterfaceOrientationLandscapeLeft UIInterfaceOrientationLandscapeRight";
				LD_RUNPATH_SEARCH_PATHS = (
					"$(inherited)",
					"@executable_path/Frameworks",
				);
				MARKETING_VERSION = 1.0;
				OTHER_LDFLAGS = "-ObjC";
				PRODUCT_BUNDLE_IDENTIFIER = org.gustavo.StatsforSpotify;
				PRODUCT_NAME = "$(TARGET_NAME)";
				SWIFT_EMIT_LOC_STRINGS = YES;
				SWIFT_OBJC_BRIDGING_HEADER = "StatsforSpotify-Bridging-Header.h";
				SWIFT_VERSION = 5.0;
				TARGETED_DEVICE_FAMILY = "1,2";
			};
			name = Release;
		};
		5AAC1A992D7A4A4800F7047F /* Debug */ = {
			isa = XCBuildConfiguration;
			buildSettings = {
				BUNDLE_LOADER = "$(TEST_HOST)";
				CODE_SIGN_STYLE = Automatic;
				CURRENT_PROJECT_VERSION = 1;
				DEVELOPMENT_TEAM = Z2TUXVLCNH;
				GENERATE_INFOPLIST_FILE = YES;
				IPHONEOS_DEPLOYMENT_TARGET = 18.2;
				MARKETING_VERSION = 1.0;
				PRODUCT_BUNDLE_IDENTIFIER = org.gustavo.StatsforSpotifyTests;
				PRODUCT_NAME = "$(TARGET_NAME)";
				SWIFT_EMIT_LOC_STRINGS = NO;
				SWIFT_VERSION = 5.0;
				TARGETED_DEVICE_FAMILY = "1,2";
				TEST_HOST = "$(BUILT_PRODUCTS_DIR)/StatsforSpotify.app/$(BUNDLE_EXECUTABLE_FOLDER_PATH)/StatsforSpotify";
			};
			name = Debug;
		};
		5AAC1A9A2D7A4A4800F7047F /* Release */ = {
			isa = XCBuildConfiguration;
			buildSettings = {
				BUNDLE_LOADER = "$(TEST_HOST)";
				CODE_SIGN_STYLE = Automatic;
				CURRENT_PROJECT_VERSION = 1;
				DEVELOPMENT_TEAM = Z2TUXVLCNH;
				GENERATE_INFOPLIST_FILE = YES;
				IPHONEOS_DEPLOYMENT_TARGET = 18.2;
				MARKETING_VERSION = 1.0;
				PRODUCT_BUNDLE_IDENTIFIER = org.gustavo.StatsforSpotifyTests;
				PRODUCT_NAME = "$(TARGET_NAME)";
				SWIFT_EMIT_LOC_STRINGS = NO;
				SWIFT_VERSION = 5.0;
				TARGETED_DEVICE_FAMILY = "1,2";
				TEST_HOST = "$(BUILT_PRODUCTS_DIR)/StatsforSpotify.app/$(BUNDLE_EXECUTABLE_FOLDER_PATH)/StatsforSpotify";
			};
			name = Release;
		};
		5AAC1A9C2D7A4A4800F7047F /* Debug */ = {
			isa = XCBuildConfiguration;
			buildSettings = {
				CODE_SIGN_STYLE = Automatic;
				CURRENT_PROJECT_VERSION = 1;
				DEVELOPMENT_TEAM = Z2TUXVLCNH;
				GENERATE_INFOPLIST_FILE = YES;
				MARKETING_VERSION = 1.0;
				PRODUCT_BUNDLE_IDENTIFIER = org.gustavo.StatsforSpotifyUITests;
				PRODUCT_NAME = "$(TARGET_NAME)";
				SWIFT_EMIT_LOC_STRINGS = NO;
				SWIFT_VERSION = 5.0;
				TARGETED_DEVICE_FAMILY = "1,2";
				TEST_TARGET_NAME = StatsforSpotify;
			};
			name = Debug;
		};
		5AAC1A9D2D7A4A4800F7047F /* Release */ = {
			isa = XCBuildConfiguration;
			buildSettings = {
				CODE_SIGN_STYLE = Automatic;
				CURRENT_PROJECT_VERSION = 1;
				DEVELOPMENT_TEAM = Z2TUXVLCNH;
				GENERATE_INFOPLIST_FILE = YES;
				MARKETING_VERSION = 1.0;
				PRODUCT_BUNDLE_IDENTIFIER = org.gustavo.StatsforSpotifyUITests;
				PRODUCT_NAME = "$(TARGET_NAME)";
				SWIFT_EMIT_LOC_STRINGS = NO;
				SWIFT_VERSION = 5.0;
				TARGETED_DEVICE_FAMILY = "1,2";
				TEST_TARGET_NAME = StatsforSpotify;
			};
			name = Release;
		};
/* End XCBuildConfiguration section */

/* Begin XCConfigurationList section */
		5AAC1A6C2D7A4A4600F7047F /* Build configuration list for PBXProject "StatsforSpotify" */ = {
			isa = XCConfigurationList;
			buildConfigurations = (
				5AAC1A932D7A4A4800F7047F /* Debug */,
				5AAC1A942D7A4A4800F7047F /* Release */,
			);
			defaultConfigurationIsVisible = 0;
			defaultConfigurationName = Release;
		};
		5AAC1A952D7A4A4800F7047F /* Build configuration list for PBXNativeTarget "StatsforSpotify" */ = {
			isa = XCConfigurationList;
			buildConfigurations = (
				5AAC1A962D7A4A4800F7047F /* Debug */,
				5AAC1A972D7A4A4800F7047F /* Release */,
			);
			defaultConfigurationIsVisible = 0;
			defaultConfigurationName = Release;
		};
		5AAC1A982D7A4A4800F7047F /* Build configuration list for PBXNativeTarget "StatsforSpotifyTests" */ = {
			isa = XCConfigurationList;
			buildConfigurations = (
				5AAC1A992D7A4A4800F7047F /* Debug */,
				5AAC1A9A2D7A4A4800F7047F /* Release */,
			);
			defaultConfigurationIsVisible = 0;
			defaultConfigurationName = Release;
		};
		5AAC1A9B2D7A4A4800F7047F /* Build configuration list for PBXNativeTarget "StatsforSpotifyUITests" */ = {
			isa = XCConfigurationList;
			buildConfigurations = (
				5AAC1A9C2D7A4A4800F7047F /* Debug */,
				5AAC1A9D2D7A4A4800F7047F /* Release */,
			);
			defaultConfigurationIsVisible = 0;
			defaultConfigurationName = Release;
		};
/* End XCConfigurationList section */
	};
	rootObject = 5AAC1A692D7A4A4600F7047F /* Project object */;
}
